
Microsoft Visual Studio Solution File, Format Version 12.00
# Visual Studio Version 17
VisualStudioVersion = 17.0.31903.59
MinimumVisualStudioVersion = 10.0.40219.1
Project("{2150E333-8FDC-42A3-9474-1A3956D46DE8}") = "src", "src", "{C54C978A-4E50-468A-8823-4CCD48A34D9A}"
EndProject
Project("{FAE04EC0-301F-11D3-BF4B-00C04F79EFBC}") = "AuctionService", "src\AuctionService\AuctionService.csproj", "{53063E36-0719-45E7-A1A4-93088C524CDD}"
EndProject
Global
	GlobalSection(SolutionConfigurationPlatforms) = preSolution
		Debug|Any CPU = Debug|Any CPU
		Release|Any CPU = Release|Any CPU
	EndGlobalSection
	GlobalSection(SolutionProperties) = preSolution
		HideSolutionNode = FALSE
	EndGlobalSection
	GlobalSection(ProjectConfigurationPlatforms) = postSolution
		{53063E36-0719-45E7-A1A4-93088C524CDD}.Debug|Any CPU.ActiveCfg = Debug|Any CPU
		{53063E36-0719-45E7-A1A4-93088C524CDD}.Debug|Any CPU.Build.0 = Debug|Any CPU
		{53063E36-0719-45E7-A1A4-93088C524CDD}.Release|Any CPU.ActiveCfg = Release|Any CPU
		{53063E36-0719-45E7-A1A4-93088C524CDD}.Release|Any CPU.Build.0 = Release|Any CPU
	EndGlobalSection
	GlobalSection(NestedProjects) = preSolution
		{53063E36-0719-45E7-A1A4-93088C524CDD} = {C54C978A-4E50-468A-8823-4CCD48A34D9A}
	EndGlobalSection
EndGlobal
